
Microsoft Visual Studio Solution File, Format Version 12.00
# Visual Studio Version 17
VisualStudioVersion = 17.4.33110.190
MinimumVisualStudioVersion = 10.0.40219.1
Project("{FAE04EC0-301F-11D3-BF4B-00C04F79EFBC}") = "OCEL", "OCEL\OCEL.csproj", "{75057094-D352-428A-A304-44779F70F434}"
EndProject
Project("{2150E333-8FDC-42A3-9474-1A3956D46DE8}") = "Schemas", "Schemas", "{F22BFFD9-5211-400A-8BFB-B21B221FA789}"
	ProjectSection(SolutionItems) = preProject
		Schemas\schema.json = Schemas\schema.json
		Schemas\schema.xml = Schemas\schema.xml
	EndProjectSection
EndProject
Project("{2150E333-8FDC-42A3-9474-1A3956D46DE8}") = "Samples", "Samples", "{7D108089-3A23-4E2F-8F6C-44CBC106D439}"
	ProjectSection(SolutionItems) = preProject
		Samples\minimal.jsonocel = Samples\minimal.jsonocel
		Samples\minimal.xmlocel = Samples\minimal.xmlocel
	EndProjectSection
EndProject
Project("{2150E333-8FDC-42A3-9474-1A3956D46DE8}") = "Solution Items", "Solution Items", "{1C2734E3-0FA7-4FD4-A017-D66641BD9003}"
	ProjectSection(SolutionItems) = preProject
		.gitignore = .gitignore
	EndProjectSection
EndProject
Project("{FAE04EC0-301F-11D3-BF4B-00C04F79EFBC}") = "JsonSchemaToCSharpClass", "Generator\JsonSchemaToCSharpClass.csproj", "{D2892C41-A074-470D-AD9C-B7DADB6ED26E}"
EndProject
Project("{FAE04EC0-301F-11D3-BF4B-00C04F79EFBC}") = "OCEL.Tests", "OCEL.Tests\OCEL.Tests.csproj", "{7238D3A2-7580-4A80-BB7D-8134546FC043}"
EndProject
Global
	GlobalSection(SolutionConfigurationPlatforms) = preSolution
		Debug|Any CPU = Debug|Any CPU
		Release|Any CPU = Release|Any CPU
	EndGlobalSection
	GlobalSection(ProjectConfigurationPlatforms) = postSolution
		{75057094-D352-428A-A304-44779F70F434}.Debug|Any CPU.ActiveCfg = Debug|Any CPU
		{75057094-D352-428A-A304-44779F70F434}.Debug|Any CPU.Build.0 = Debug|Any CPU
		{75057094-D352-428A-A304-44779F70F434}.Release|Any CPU.ActiveCfg = Release|Any CPU
		{75057094-D352-428A-A304-44779F70F434}.Release|Any CPU.Build.0 = Release|Any CPU
		{D2892C41-A074-470D-AD9C-B7DADB6ED26E}.Debug|Any CPU.ActiveCfg = Debug|Any CPU
		{D2892C41-A074-470D-AD9C-B7DADB6ED26E}.Debug|Any CPU.Build.0 = Debug|Any CPU
		{D2892C41-A074-470D-AD9C-B7DADB6ED26E}.Release|Any CPU.ActiveCfg = Release|Any CPU
		{D2892C41-A074-470D-AD9C-B7DADB6ED26E}.Release|Any CPU.Build.0 = Release|Any CPU
		{7238D3A2-7580-4A80-BB7D-8134546FC043}.Debug|Any CPU.ActiveCfg = Debug|Any CPU
		{7238D3A2-7580-4A80-BB7D-8134546FC043}.Debug|Any CPU.Build.0 = Debug|Any CPU
		{7238D3A2-7580-4A80-BB7D-8134546FC043}.Release|Any CPU.ActiveCfg = Release|Any CPU
		{7238D3A2-7580-4A80-BB7D-8134546FC043}.Release|Any CPU.Build.0 = Release|Any CPU
	EndGlobalSection
	GlobalSection(SolutionProperties) = preSolution
		HideSolutionNode = FALSE
	EndGlobalSection
	GlobalSection(ExtensibilityGlobals) = postSolution
		SolutionGuid = {8FDC7D41-1286-455C-9317-3F35AE6C0233}
	EndGlobalSection
EndGlobal
